// !$*UTF8*$!
{
	archiveVersion = 1;
	classes = {
	};
	objectVersion = 46;
	objects = {

/* Begin PBXBuildFile section */
		D33BD8411D8C164C002D15B8 /* ReactiveSwift.framework in Frameworks */ = {isa = PBXBuildFile; fileRef = D3BFAFAD1D8AB922008A529A /* ReactiveSwift.framework */; };
		D33BD8421D8C165A002D15B8 /* ReactiveSwift.framework in CopyFiles */ = {isa = PBXBuildFile; fileRef = D3BFAFAD1D8AB922008A529A /* ReactiveSwift.framework */; settings = {ATTRIBUTES = (CodeSignOnCopy, RemoveHeadersOnCopy, ); }; };
		D33BD8441D8C1813002D15B8 /* NSObject+RAC.swift in Sources */ = {isa = PBXBuildFile; fileRef = D33BD8431D8C1813002D15B8 /* NSObject+RAC.swift */; };
		D33BD8461D8FB7F4002D15B8 /* ReactiveCocoa.framework in Frameworks */ = {isa = PBXBuildFile; fileRef = D33BD8451D8FB7F4002D15B8 /* ReactiveCocoa.framework */; };
		D33BD8491D8FB805002D15B8 /* ReactiveCocoa.framework in CopyFiles */ = {isa = PBXBuildFile; fileRef = D33BD8451D8FB7F4002D15B8 /* ReactiveCocoa.framework */; settings = {ATTRIBUTES = (CodeSignOnCopy, RemoveHeadersOnCopy, ); }; };
		D37D1E6E1D77129900C897AB /* UITextField+RAC.m in Sources */ = {isa = PBXBuildFile; fileRef = D37D1E6D1D77129900C897AB /* UITextField+RAC.m */; };
		D3B8C93E1DA66CF00034EF60 /* AlertViewDelegateProxy.swift in Sources */ = {isa = PBXBuildFile; fileRef = D3B8C93D1DA66CF00034EF60 /* AlertViewDelegateProxy.swift */; };
		D3B8C9411DA7AA230034EF60 /* UIAlertView+RAC.swift in Sources */ = {isa = PBXBuildFile; fileRef = D3B8C9401DA7AA230034EF60 /* UIAlertView+RAC.swift */; };
		D3B8C9431DA7AD200034EF60 /* ReactiveAlertViewTests.swift in Sources */ = {isa = PBXBuildFile; fileRef = D3B8C9421DA7AD200034EF60 /* ReactiveAlertViewTests.swift */; };
		D3BFAFAE1D8AB922008A529A /* ReactiveSwift.framework in Frameworks */ = {isa = PBXBuildFile; fileRef = D3BFAFAD1D8AB922008A529A /* ReactiveSwift.framework */; };
		D3BFAFB01D8BE876008A529A /* Reactive.swift in Sources */ = {isa = PBXBuildFile; fileRef = D3BFAFAF1D8BE876008A529A /* Reactive.swift */; };
		D3CC37891D6AFA6C0019DDC0 /* ReactiveUIBindings.h in Headers */ = {isa = PBXBuildFile; fileRef = D3CC37881D6AFA6C0019DDC0 /* ReactiveUIBindings.h */; settings = {ATTRIBUTES = (Public, ); }; };
		D3CC37901D6AFB0A0019DDC0 /* DelegateProxy.swift in Sources */ = {isa = PBXBuildFile; fileRef = D32E1D231D5B5EF300BA98BD /* DelegateProxy.swift */; };
		D3CC37911D6AFB0A0019DDC0 /* CollectionDataSourceProxy.swift in Sources */ = {isa = PBXBuildFile; fileRef = D32E1D311D5C91E300BA98BD /* CollectionDataSourceProxy.swift */; };
		D3CC37921D6AFB0A0019DDC0 /* DataSourceType.swift in Sources */ = {isa = PBXBuildFile; fileRef = D32E1D391D5CB0B300BA98BD /* DataSourceType.swift */; };
		D3CC37951D6AFB0D0019DDC0 /* RACExtensions.swift in Sources */ = {isa = PBXBuildFile; fileRef = D32E1D2C1D5B601F00BA98BD /* RACExtensions.swift */; };
		D3CC37961D6AFB0D0019DDC0 /* HelperExtensions.swift in Sources */ = {isa = PBXBuildFile; fileRef = D32E1D431D5DF69D00BA98BD /* HelperExtensions.swift */; };
		D3CC37971D6AFB0F0019DDC0 /* CollectionViewDataSourceProxy.swift in Sources */ = {isa = PBXBuildFile; fileRef = D32E1D331D5CAFE800BA98BD /* CollectionViewDataSourceProxy.swift */; };
		D3CC37981D6AFB0F0019DDC0 /* CollectionViewDataSource.swift in Sources */ = {isa = PBXBuildFile; fileRef = D32E1D351D5CAFF100BA98BD /* CollectionViewDataSource.swift */; };
		D3CC37991D6AFB0F0019DDC0 /* UICollectionView+RAC.swift in Sources */ = {isa = PBXBuildFile; fileRef = D32E1D371D5CAFF900BA98BD /* UICollectionView+RAC.swift */; };
		D3CC379C1D6AFB300019DDC0 /* UITableView+RAC.swift in Sources */ = {isa = PBXBuildFile; fileRef = D32E1D251D5B5F6600BA98BD /* UITableView+RAC.swift */; };
		D3CC379D1D6AFB300019DDC0 /* TableViewDataSourceProxy.swift in Sources */ = {isa = PBXBuildFile; fileRef = D32E1D271D5B5F9800BA98BD /* TableViewDataSourceProxy.swift */; };
		D3CC379E1D6AFB300019DDC0 /* TableViewDataSource.swift in Sources */ = {isa = PBXBuildFile; fileRef = D32E1D291D5B5FCD00BA98BD /* TableViewDataSource.swift */; };
		D3CC37A01D6AFC2A0019DDC0 /* UICollectionView+RAC.m in Sources */ = {isa = PBXBuildFile; fileRef = D32E1D3C1D5CB29700BA98BD /* UICollectionView+RAC.m */; };
		D3CC37A11D6B00560019DDC0 /* UITableView+RAC.m in Sources */ = {isa = PBXBuildFile; fileRef = D32E1D401D5DC78800BA98BD /* UITableView+RAC.m */; };
		D3CC37A51D6B1E6E0019DDC0 /* Cartfile.private in Resources */ = {isa = PBXBuildFile; fileRef = D3CC37A41D6B1E6E0019DDC0 /* Cartfile.private */; };
		D3CC37AF1D6B28570019DDC0 /* ReactiveUIBindings.framework in Frameworks */ = {isa = PBXBuildFile; fileRef = D3CC37861D6AFA6C0019DDC0 /* ReactiveUIBindings.framework */; };
		D3CC37B81D6B28EA0019DDC0 /* Nimble.framework in Frameworks */ = {isa = PBXBuildFile; fileRef = D3CC37B61D6B28EA0019DDC0 /* Nimble.framework */; };
		D3CC37B91D6B28EA0019DDC0 /* Quick.framework in Frameworks */ = {isa = PBXBuildFile; fileRef = D3CC37B71D6B28EA0019DDC0 /* Quick.framework */; };
		D3CC37BD1D6B295A0019DDC0 /* Nimble.framework in CopyFiles */ = {isa = PBXBuildFile; fileRef = D3CC37B61D6B28EA0019DDC0 /* Nimble.framework */; settings = {ATTRIBUTES = (CodeSignOnCopy, RemoveHeadersOnCopy, ); }; };
		D3CC37BE1D6B295A0019DDC0 /* Quick.framework in CopyFiles */ = {isa = PBXBuildFile; fileRef = D3CC37B71D6B28EA0019DDC0 /* Quick.framework */; settings = {ATTRIBUTES = (CodeSignOnCopy, RemoveHeadersOnCopy, ); }; };
		D3CC37C11D6B2A5F0019DDC0 /* Result.framework in Frameworks */ = {isa = PBXBuildFile; fileRef = D32E1CF31D58927800BA98BD /* Result.framework */; };
		D3CC37C21D6B2A610019DDC0 /* Result.framework in CopyFiles */ = {isa = PBXBuildFile; fileRef = D32E1CF31D58927800BA98BD /* Result.framework */; settings = {ATTRIBUTES = (CodeSignOnCopy, RemoveHeadersOnCopy, ); }; };
		D3CC37D11D6D995C0019DDC0 /* TestHelpers.swift in Sources */ = {isa = PBXBuildFile; fileRef = D3CC37D01D6D995C0019DDC0 /* TestHelpers.swift */; };
		D3CC37DF1D7066DE0019DDC0 /* UIControl+RAC.swift in Sources */ = {isa = PBXBuildFile; fileRef = D3CC37DE1D7066DE0019DDC0 /* UIControl+RAC.swift */; };
		D3CC37E11D706A8A0019DDC0 /* UIButton+RAC.swift in Sources */ = {isa = PBXBuildFile; fileRef = D3CC37E01D706A8A0019DDC0 /* UIButton+RAC.swift */; };
		D3CC37E31D7431B70019DDC0 /* ReactiveButtonTests.swift in Sources */ = {isa = PBXBuildFile; fileRef = D3CC37E21D7431B70019DDC0 /* ReactiveButtonTests.swift */; };
		D3CC37E41D74611F0019DDC0 /* ReactiveCollectionTests.swift in Sources */ = {isa = PBXBuildFile; fileRef = D3CC37C71D6C71990019DDC0 /* ReactiveCollectionTests.swift */; };
		D3CC37EA1D75C4170019DDC0 /* UITextField+RAC.swift in Sources */ = {isa = PBXBuildFile; fileRef = D3CC37E91D75C4170019DDC0 /* UITextField+RAC.swift */; };
		D3CC37EC1D75C6500019DDC0 /* TextFieldDelegateProxy.swift in Sources */ = {isa = PBXBuildFile; fileRef = D3CC37EB1D75C6500019DDC0 /* TextFieldDelegateProxy.swift */; };
		D3CC37EE1D76C2400019DDC0 /* ReactiveTextFieldTests.swift in Sources */ = {isa = PBXBuildFile; fileRef = D3CC37ED1D76C2400019DDC0 /* ReactiveTextFieldTests.swift */; };
/* End PBXBuildFile section */

/* Begin PBXContainerItemProxy section */
		D3CC37B01D6B28570019DDC0 /* PBXContainerItemProxy */ = {
			isa = PBXContainerItemProxy;
			containerPortal = D32E1CD21D58912E00BA98BD /* Project object */;
			proxyType = 1;
			remoteGlobalIDString = D3CC37851D6AFA6C0019DDC0;
			remoteInfo = ReactiveUIBindings;
		};
/* End PBXContainerItemProxy section */

/* Begin PBXCopyFilesBuildPhase section */
		D3CC37B51D6B28D50019DDC0 /* CopyFiles */ = {
			isa = PBXCopyFilesBuildPhase;
			buildActionMask = 2147483647;
			dstPath = "";
			dstSubfolderSpec = 7;
			files = (
			);
			runOnlyForDeploymentPostprocessing = 0;
		};
		D3CC37BC1D6B29540019DDC0 /* CopyFiles */ = {
			isa = PBXCopyFilesBuildPhase;
			buildActionMask = 2147483647;
			dstPath = "";
			dstSubfolderSpec = 10;
			files = (
				D33BD8491D8FB805002D15B8 /* ReactiveCocoa.framework in CopyFiles */,
				D33BD8421D8C165A002D15B8 /* ReactiveSwift.framework in CopyFiles */,
				D3CC37BD1D6B295A0019DDC0 /* Nimble.framework in CopyFiles */,
				D3CC37C21D6B2A610019DDC0 /* Result.framework in CopyFiles */,
				D3CC37BE1D6B295A0019DDC0 /* Quick.framework in CopyFiles */,
			);
			runOnlyForDeploymentPostprocessing = 0;
		};
/* End PBXCopyFilesBuildPhase section */

/* Begin PBXFileReference section */
		D32E1CF01D58919F00BA98BD /* Cartfile */ = {isa = PBXFileReference; fileEncoding = 4; lastKnownFileType = text; name = Cartfile; path = ../Cartfile; sourceTree = "<group>"; };
		D32E1CF31D58927800BA98BD /* Result.framework */ = {isa = PBXFileReference; lastKnownFileType = wrapper.framework; name = Result.framework; path = Carthage/Build/iOS/Result.framework; sourceTree = "<group>"; };
		D32E1D231D5B5EF300BA98BD /* DelegateProxy.swift */ = {isa = PBXFileReference; fileEncoding = 4; lastKnownFileType = sourcecode.swift; name = DelegateProxy.swift; path = ../Protocols/DelegateProxy.swift; sourceTree = "<group>"; };
		D32E1D251D5B5F6600BA98BD /* UITableView+RAC.swift */ = {isa = PBXFileReference; fileEncoding = 4; lastKnownFileType = sourcecode.swift; path = "UITableView+RAC.swift"; sourceTree = "<group>"; };
		D32E1D271D5B5F9800BA98BD /* TableViewDataSourceProxy.swift */ = {isa = PBXFileReference; fileEncoding = 4; lastKnownFileType = sourcecode.swift; path = TableViewDataSourceProxy.swift; sourceTree = "<group>"; };
		D32E1D291D5B5FCD00BA98BD /* TableViewDataSource.swift */ = {isa = PBXFileReference; fileEncoding = 4; lastKnownFileType = sourcecode.swift; path = TableViewDataSource.swift; sourceTree = "<group>"; };
		D32E1D2C1D5B601F00BA98BD /* RACExtensions.swift */ = {isa = PBXFileReference; fileEncoding = 4; lastKnownFileType = sourcecode.swift; path = RACExtensions.swift; sourceTree = "<group>"; };
		D32E1D311D5C91E300BA98BD /* CollectionDataSourceProxy.swift */ = {isa = PBXFileReference; fileEncoding = 4; lastKnownFileType = sourcecode.swift; path = CollectionDataSourceProxy.swift; sourceTree = "<group>"; };
		D32E1D331D5CAFE800BA98BD /* CollectionViewDataSourceProxy.swift */ = {isa = PBXFileReference; fileEncoding = 4; lastKnownFileType = sourcecode.swift; path = CollectionViewDataSourceProxy.swift; sourceTree = "<group>"; };
		D32E1D351D5CAFF100BA98BD /* CollectionViewDataSource.swift */ = {isa = PBXFileReference; fileEncoding = 4; lastKnownFileType = sourcecode.swift; path = CollectionViewDataSource.swift; sourceTree = "<group>"; };
		D32E1D371D5CAFF900BA98BD /* UICollectionView+RAC.swift */ = {isa = PBXFileReference; fileEncoding = 4; lastKnownFileType = sourcecode.swift; path = "UICollectionView+RAC.swift"; sourceTree = "<group>"; };
		D32E1D391D5CB0B300BA98BD /* DataSourceType.swift */ = {isa = PBXFileReference; fileEncoding = 4; lastKnownFileType = sourcecode.swift; path = DataSourceType.swift; sourceTree = "<group>"; };
		D32E1D3B1D5CB29700BA98BD /* UICollectionView+RAC.h */ = {isa = PBXFileReference; fileEncoding = 4; lastKnownFileType = sourcecode.c.h; path = "UICollectionView+RAC.h"; sourceTree = "<group>"; };
		D32E1D3C1D5CB29700BA98BD /* UICollectionView+RAC.m */ = {isa = PBXFileReference; fileEncoding = 4; lastKnownFileType = sourcecode.c.objc; path = "UICollectionView+RAC.m"; sourceTree = "<group>"; };
		D32E1D3F1D5DC78800BA98BD /* UITableView+RAC.h */ = {isa = PBXFileReference; fileEncoding = 4; lastKnownFileType = sourcecode.c.h; path = "UITableView+RAC.h"; sourceTree = "<group>"; };
		D32E1D401D5DC78800BA98BD /* UITableView+RAC.m */ = {isa = PBXFileReference; fileEncoding = 4; lastKnownFileType = sourcecode.c.objc; path = "UITableView+RAC.m"; sourceTree = "<group>"; };
		D32E1D431D5DF69D00BA98BD /* HelperExtensions.swift */ = {isa = PBXFileReference; fileEncoding = 4; lastKnownFileType = sourcecode.swift; path = HelperExtensions.swift; sourceTree = "<group>"; };
		D33BD8431D8C1813002D15B8 /* NSObject+RAC.swift */ = {isa = PBXFileReference; fileEncoding = 4; lastKnownFileType = sourcecode.swift; path = "NSObject+RAC.swift"; sourceTree = "<group>"; };
		D33BD8451D8FB7F4002D15B8 /* ReactiveCocoa.framework */ = {isa = PBXFileReference; lastKnownFileType = wrapper.framework; name = ReactiveCocoa.framework; path = Carthage/Build/iOS/ReactiveCocoa.framework; sourceTree = "<group>"; };
		D37D1E6B1D77126D00C897AB /* UITextField+RAC.h */ = {isa = PBXFileReference; fileEncoding = 4; lastKnownFileType = sourcecode.c.h; path = "UITextField+RAC.h"; sourceTree = "<group>"; };
		D37D1E6D1D77129900C897AB /* UITextField+RAC.m */ = {isa = PBXFileReference; fileEncoding = 4; lastKnownFileType = sourcecode.c.objc; path = "UITextField+RAC.m"; sourceTree = "<group>"; };
		D3B8C93D1DA66CF00034EF60 /* AlertViewDelegateProxy.swift */ = {isa = PBXFileReference; fileEncoding = 4; lastKnownFileType = sourcecode.swift; path = AlertViewDelegateProxy.swift; sourceTree = "<group>"; };
		D3B8C9401DA7AA230034EF60 /* UIAlertView+RAC.swift */ = {isa = PBXFileReference; fileEncoding = 4; lastKnownFileType = sourcecode.swift; path = "UIAlertView+RAC.swift"; sourceTree = "<group>"; };
		D3B8C9421DA7AD200034EF60 /* ReactiveAlertViewTests.swift */ = {isa = PBXFileReference; fileEncoding = 4; lastKnownFileType = sourcecode.swift; path = ReactiveAlertViewTests.swift; sourceTree = "<group>"; };
		D3BFAFAD1D8AB922008A529A /* ReactiveSwift.framework */ = {isa = PBXFileReference; lastKnownFileType = wrapper.framework; name = ReactiveSwift.framework; path = Carthage/Build/iOS/ReactiveSwift.framework; sourceTree = "<group>"; };
		D3BFAFAF1D8BE876008A529A /* Reactive.swift */ = {isa = PBXFileReference; fileEncoding = 4; lastKnownFileType = sourcecode.swift; path = Reactive.swift; sourceTree = "<group>"; };
		D3CC37861D6AFA6C0019DDC0 /* ReactiveUIBindings.framework */ = {isa = PBXFileReference; explicitFileType = wrapper.framework; includeInIndex = 0; path = ReactiveUIBindings.framework; sourceTree = BUILT_PRODUCTS_DIR; };
		D3CC37881D6AFA6C0019DDC0 /* ReactiveUIBindings.h */ = {isa = PBXFileReference; lastKnownFileType = sourcecode.c.h; name = ReactiveUIBindings.h; path = ../ReactiveUIBindings.h; sourceTree = "<group>"; };
		D3CC378A1D6AFA6C0019DDC0 /* Info.plist */ = {isa = PBXFileReference; lastKnownFileType = text.plist.xml; name = Info.plist; path = ../Info.plist; sourceTree = "<group>"; };
		D3CC37A41D6B1E6E0019DDC0 /* Cartfile.private */ = {isa = PBXFileReference; fileEncoding = 4; lastKnownFileType = text; name = Cartfile.private; path = ../Cartfile.private; sourceTree = "<group>"; };
		D3CC37AA1D6B28570019DDC0 /* ReactiveUIBindingsTests.xctest */ = {isa = PBXFileReference; explicitFileType = wrapper.cfbundle; includeInIndex = 0; path = ReactiveUIBindingsTests.xctest; sourceTree = BUILT_PRODUCTS_DIR; };
		D3CC37AE1D6B28570019DDC0 /* Info.plist */ = {isa = PBXFileReference; lastKnownFileType = text.plist.xml; path = Info.plist; sourceTree = "<group>"; };
		D3CC37B61D6B28EA0019DDC0 /* Nimble.framework */ = {isa = PBXFileReference; lastKnownFileType = wrapper.framework; name = Nimble.framework; path = Carthage/Build/iOS/Nimble.framework; sourceTree = "<group>"; };
		D3CC37B71D6B28EA0019DDC0 /* Quick.framework */ = {isa = PBXFileReference; lastKnownFileType = wrapper.framework; name = Quick.framework; path = Carthage/Build/iOS/Quick.framework; sourceTree = "<group>"; };
		D3CC37C71D6C71990019DDC0 /* ReactiveCollectionTests.swift */ = {isa = PBXFileReference; fileEncoding = 4; lastKnownFileType = sourcecode.swift; path = ReactiveCollectionTests.swift; sourceTree = "<group>"; };
		D3CC37D01D6D995C0019DDC0 /* TestHelpers.swift */ = {isa = PBXFileReference; fileEncoding = 4; lastKnownFileType = sourcecode.swift; path = TestHelpers.swift; sourceTree = "<group>"; };
		D3CC37DE1D7066DE0019DDC0 /* UIControl+RAC.swift */ = {isa = PBXFileReference; fileEncoding = 4; lastKnownFileType = sourcecode.swift; path = "UIControl+RAC.swift"; sourceTree = "<group>"; };
		D3CC37E01D706A8A0019DDC0 /* UIButton+RAC.swift */ = {isa = PBXFileReference; fileEncoding = 4; lastKnownFileType = sourcecode.swift; path = "UIButton+RAC.swift"; sourceTree = "<group>"; };
		D3CC37E21D7431B70019DDC0 /* ReactiveButtonTests.swift */ = {isa = PBXFileReference; fileEncoding = 4; lastKnownFileType = sourcecode.swift; path = ReactiveButtonTests.swift; sourceTree = "<group>"; };
		D3CC37E91D75C4170019DDC0 /* UITextField+RAC.swift */ = {isa = PBXFileReference; fileEncoding = 4; lastKnownFileType = sourcecode.swift; path = "UITextField+RAC.swift"; sourceTree = "<group>"; };
		D3CC37EB1D75C6500019DDC0 /* TextFieldDelegateProxy.swift */ = {isa = PBXFileReference; fileEncoding = 4; lastKnownFileType = sourcecode.swift; path = TextFieldDelegateProxy.swift; sourceTree = "<group>"; };
		D3CC37ED1D76C2400019DDC0 /* ReactiveTextFieldTests.swift */ = {isa = PBXFileReference; fileEncoding = 4; lastKnownFileType = sourcecode.swift; path = ReactiveTextFieldTests.swift; sourceTree = "<group>"; };
/* End PBXFileReference section */

/* Begin PBXFrameworksBuildPhase section */
		D3CC37821D6AFA6C0019DDC0 /* Frameworks */ = {
			isa = PBXFrameworksBuildPhase;
			buildActionMask = 2147483647;
			files = (
				D3BFAFAE1D8AB922008A529A /* ReactiveSwift.framework in Frameworks */,
			);
			runOnlyForDeploymentPostprocessing = 0;
		};
		D3CC37A71D6B28570019DDC0 /* Frameworks */ = {
			isa = PBXFrameworksBuildPhase;
			buildActionMask = 2147483647;
			files = (
				D33BD8461D8FB7F4002D15B8 /* ReactiveCocoa.framework in Frameworks */,
				D3CC37AF1D6B28570019DDC0 /* ReactiveUIBindings.framework in Frameworks */,
				D33BD8411D8C164C002D15B8 /* ReactiveSwift.framework in Frameworks */,
				D3CC37B81D6B28EA0019DDC0 /* Nimble.framework in Frameworks */,
				D3CC37C11D6B2A5F0019DDC0 /* Result.framework in Frameworks */,
				D3CC37B91D6B28EA0019DDC0 /* Quick.framework in Frameworks */,
			);
			runOnlyForDeploymentPostprocessing = 0;
		};
/* End PBXFrameworksBuildPhase section */

/* Begin PBXGroup section */
		D32E1CD11D58912E00BA98BD = {
			isa = PBXGroup;
			children = (
				D32E1CDC1D58912E00BA98BD /* ReactiveCollection */,
				D3CC37AB1D6B28570019DDC0 /* ReactiveUIBindingsTests */,
				D32E1CF21D58926800BA98BD /* Frameworks */,
				D32E1CDB1D58912E00BA98BD /* Products */,
			);
			sourceTree = "<group>";
		};
		D32E1CDB1D58912E00BA98BD /* Products */ = {
			isa = PBXGroup;
			children = (
				D3CC37861D6AFA6C0019DDC0 /* ReactiveUIBindings.framework */,
				D3CC37AA1D6B28570019DDC0 /* ReactiveUIBindingsTests.xctest */,
			);
			name = Products;
			sourceTree = "<group>";
		};
		D32E1CDC1D58912E00BA98BD /* ReactiveCollection */ = {
			isa = PBXGroup;
			children = (
				D32E1D1B1D5B5E8300BA98BD /* Sources */,
				D3CC378A1D6AFA6C0019DDC0 /* Info.plist */,
				D32E1CF01D58919F00BA98BD /* Cartfile */,
				D3CC37A41D6B1E6E0019DDC0 /* Cartfile.private */,
				D3CC37881D6AFA6C0019DDC0 /* ReactiveUIBindings.h */,
			);
			path = ReactiveCollection;
			sourceTree = "<group>";
		};
		D32E1CF21D58926800BA98BD /* Frameworks */ = {
			isa = PBXGroup;
			children = (
				D33BD8451D8FB7F4002D15B8 /* ReactiveCocoa.framework */,
				D3BFAFAD1D8AB922008A529A /* ReactiveSwift.framework */,
				D3CC37B61D6B28EA0019DDC0 /* Nimble.framework */,
				D3CC37B71D6B28EA0019DDC0 /* Quick.framework */,
				D32E1CF31D58927800BA98BD /* Result.framework */,
			);
			name = Frameworks;
			sourceTree = "<group>";
		};
		D32E1D1B1D5B5E8300BA98BD /* Sources */ = {
			isa = PBXGroup;
			children = (
				D3B8C93A1DA66CB10034EF60 /* UIAlertView */,
				D3CC37E81D75BA6A0019DDC0 /* TextField */,
				D32E1D301D5C918700BA98BD /* Core */,
				D32E1D2B1D5B600C00BA98BD /* Extensions */,
				D32E1D1C1D5B5E8300BA98BD /* CollectionView */,
				D32E1D1F1D5B5E8300BA98BD /* TableView */,
			);
			path = Sources;
			sourceTree = "<group>";
		};
		D32E1D1C1D5B5E8300BA98BD /* CollectionView */ = {
			isa = PBXGroup;
			children = (
				D32E1D331D5CAFE800BA98BD /* CollectionViewDataSourceProxy.swift */,
				D32E1D351D5CAFF100BA98BD /* CollectionViewDataSource.swift */,
				D32E1D371D5CAFF900BA98BD /* UICollectionView+RAC.swift */,
			);
			path = CollectionView;
			sourceTree = "<group>";
		};
		D32E1D1F1D5B5E8300BA98BD /* TableView */ = {
			isa = PBXGroup;
			children = (
				D32E1D251D5B5F6600BA98BD /* UITableView+RAC.swift */,
				D32E1D271D5B5F9800BA98BD /* TableViewDataSourceProxy.swift */,
				D32E1D291D5B5FCD00BA98BD /* TableViewDataSource.swift */,
			);
			path = TableView;
			sourceTree = "<group>";
		};
		D32E1D2B1D5B600C00BA98BD /* Extensions */ = {
			isa = PBXGroup;
			children = (
				D32E1D2C1D5B601F00BA98BD /* RACExtensions.swift */,
				D32E1D431D5DF69D00BA98BD /* HelperExtensions.swift */,
				D3CC37DE1D7066DE0019DDC0 /* UIControl+RAC.swift */,
				D3CC37E01D706A8A0019DDC0 /* UIButton+RAC.swift */,
			);
			path = Extensions;
			sourceTree = "<group>";
		};
		D32E1D301D5C918700BA98BD /* Core */ = {
			isa = PBXGroup;
			children = (
				D32E1D3F1D5DC78800BA98BD /* UITableView+RAC.h */,
				D32E1D401D5DC78800BA98BD /* UITableView+RAC.m */,
				D32E1D231D5B5EF300BA98BD /* DelegateProxy.swift */,
				D32E1D311D5C91E300BA98BD /* CollectionDataSourceProxy.swift */,
				D32E1D391D5CB0B300BA98BD /* DataSourceType.swift */,
				D32E1D3B1D5CB29700BA98BD /* UICollectionView+RAC.h */,
				D32E1D3C1D5CB29700BA98BD /* UICollectionView+RAC.m */,
				D3BFAFAF1D8BE876008A529A /* Reactive.swift */,
				D33BD8431D8C1813002D15B8 /* NSObject+RAC.swift */,
			);
			path = Core;
			sourceTree = "<group>";
		};
		D3B8C93A1DA66CB10034EF60 /* UIAlertView */ = {
			isa = PBXGroup;
			children = (
				D3B8C93D1DA66CF00034EF60 /* AlertViewDelegateProxy.swift */,
				D3B8C9401DA7AA230034EF60 /* UIAlertView+RAC.swift */,
			);
			path = UIAlertView;
			sourceTree = "<group>";
		};
		D3CC37AB1D6B28570019DDC0 /* ReactiveUIBindingsTests */ = {
			isa = PBXGroup;
			children = (
				D3CC37CF1D6D99450019DDC0 /* Helpers */,
				D3CC37AE1D6B28570019DDC0 /* Info.plist */,
				D3CC37C71D6C71990019DDC0 /* ReactiveCollectionTests.swift */,
				D3CC37E21D7431B70019DDC0 /* ReactiveButtonTests.swift */,
				D3CC37ED1D76C2400019DDC0 /* ReactiveTextFieldTests.swift */,
				D3B8C9421DA7AD200034EF60 /* ReactiveAlertViewTests.swift */,
			);
			path = ReactiveUIBindingsTests;
			sourceTree = "<group>";
		};
		D3CC37CF1D6D99450019DDC0 /* Helpers */ = {
			isa = PBXGroup;
			children = (
				D3CC37D01D6D995C0019DDC0 /* TestHelpers.swift */,
			);
			path = Helpers;
			sourceTree = "<group>";
		};
		D3CC37E81D75BA6A0019DDC0 /* TextField */ = {
			isa = PBXGroup;
			children = (
				D3CC37E91D75C4170019DDC0 /* UITextField+RAC.swift */,
				D3CC37EB1D75C6500019DDC0 /* TextFieldDelegateProxy.swift */,
				D37D1E6B1D77126D00C897AB /* UITextField+RAC.h */,
				D37D1E6D1D77129900C897AB /* UITextField+RAC.m */,
			);
			path = TextField;
			sourceTree = "<group>";
		};
/* End PBXGroup section */

/* Begin PBXHeadersBuildPhase section */
		D3CC37831D6AFA6C0019DDC0 /* Headers */ = {
			isa = PBXHeadersBuildPhase;
			buildActionMask = 2147483647;
			files = (
				D3CC37891D6AFA6C0019DDC0 /* ReactiveUIBindings.h in Headers */,
			);
			runOnlyForDeploymentPostprocessing = 0;
		};
/* End PBXHeadersBuildPhase section */

/* Begin PBXNativeTarget section */
		D3CC37851D6AFA6C0019DDC0 /* ReactiveUIBindings */ = {
			isa = PBXNativeTarget;
			buildConfigurationList = D3CC378D1D6AFA6C0019DDC0 /* Build configuration list for PBXNativeTarget "ReactiveUIBindings" */;
			buildPhases = (
				D3CC37811D6AFA6C0019DDC0 /* Sources */,
				D3CC37821D6AFA6C0019DDC0 /* Frameworks */,
				D3CC37831D6AFA6C0019DDC0 /* Headers */,
				D3CC37841D6AFA6C0019DDC0 /* Resources */,
			);
			buildRules = (
			);
			dependencies = (
			);
			name = ReactiveUIBindings;
			productName = ReactiveUIBindings;
			productReference = D3CC37861D6AFA6C0019DDC0 /* ReactiveUIBindings.framework */;
			productType = "com.apple.product-type.framework";
		};
		D3CC37A91D6B28570019DDC0 /* ReactiveUIBindingsTests */ = {
			isa = PBXNativeTarget;
			buildConfigurationList = D3CC37B21D6B28570019DDC0 /* Build configuration list for PBXNativeTarget "ReactiveUIBindingsTests" */;
			buildPhases = (
				D3CC37A61D6B28570019DDC0 /* Sources */,
				D3CC37A71D6B28570019DDC0 /* Frameworks */,
				D3CC37BC1D6B29540019DDC0 /* CopyFiles */,
				D3CC37B51D6B28D50019DDC0 /* CopyFiles */,
			);
			buildRules = (
			);
			dependencies = (
				D3CC37B11D6B28570019DDC0 /* PBXTargetDependency */,
			);
			name = ReactiveUIBindingsTests;
			productName = ReactiveUIBindingsTests;
			productReference = D3CC37AA1D6B28570019DDC0 /* ReactiveUIBindingsTests.xctest */;
			productType = "com.apple.product-type.bundle.unit-test";
		};
/* End PBXNativeTarget section */

/* Begin PBXProject section */
		D32E1CD21D58912E00BA98BD /* Project object */ = {
			isa = PBXProject;
			attributes = {
				LastSwiftUpdateCheck = 0730;
				LastUpgradeCheck = 0800;
				ORGANIZATIONNAME = "Codewise Sp. z o.o. Sp. K.";
				TargetAttributes = {
					D3CC37851D6AFA6C0019DDC0 = {
						CreatedOnToolsVersion = 7.3.1;
						LastSwiftMigration = 0800;
					};
					D3CC37A91D6B28570019DDC0 = {
						CreatedOnToolsVersion = 7.3.1;
						LastSwiftMigration = 0800;
						ProvisioningStyle = Manual;
					};
				};
			};
			buildConfigurationList = D32E1CD51D58912E00BA98BD /* Build configuration list for PBXProject "ReactiveCollection" */;
			compatibilityVersion = "Xcode 3.2";
			developmentRegion = English;
			hasScannedForEncodings = 0;
			knownRegions = (
				en,
				Base,
			);
			mainGroup = D32E1CD11D58912E00BA98BD;
			productRefGroup = D32E1CDB1D58912E00BA98BD /* Products */;
			projectDirPath = "";
			projectRoot = "";
			targets = (
				D3CC37851D6AFA6C0019DDC0 /* ReactiveUIBindings */,
				D3CC37A91D6B28570019DDC0 /* ReactiveUIBindingsTests */,
			);
		};
/* End PBXProject section */

/* Begin PBXResourcesBuildPhase section */
		D3CC37841D6AFA6C0019DDC0 /* Resources */ = {
			isa = PBXResourcesBuildPhase;
			buildActionMask = 2147483647;
			files = (
				D3CC37A51D6B1E6E0019DDC0 /* Cartfile.private in Resources */,
			);
			runOnlyForDeploymentPostprocessing = 0;
		};
/* End PBXResourcesBuildPhase section */

/* Begin PBXSourcesBuildPhase section */
		D3CC37811D6AFA6C0019DDC0 /* Sources */ = {
			isa = PBXSourcesBuildPhase;
			buildActionMask = 2147483647;
			files = (
				D3CC37981D6AFB0F0019DDC0 /* CollectionViewDataSource.swift in Sources */,
				D3BFAFB01D8BE876008A529A /* Reactive.swift in Sources */,
				D33BD8441D8C1813002D15B8 /* NSObject+RAC.swift in Sources */,
				D3CC37EA1D75C4170019DDC0 /* UITextField+RAC.swift in Sources */,
				D3CC37961D6AFB0D0019DDC0 /* HelperExtensions.swift in Sources */,
				D3CC37EC1D75C6500019DDC0 /* TextFieldDelegateProxy.swift in Sources */,
				D3CC37901D6AFB0A0019DDC0 /* DelegateProxy.swift in Sources */,
				D3CC37991D6AFB0F0019DDC0 /* UICollectionView+RAC.swift in Sources */,
				D3CC37A01D6AFC2A0019DDC0 /* UICollectionView+RAC.m in Sources */,
				D3CC37DF1D7066DE0019DDC0 /* UIControl+RAC.swift in Sources */,
				D37D1E6E1D77129900C897AB /* UITextField+RAC.m in Sources */,
				D3CC379C1D6AFB300019DDC0 /* UITableView+RAC.swift in Sources */,
				D3CC37E11D706A8A0019DDC0 /* UIButton+RAC.swift in Sources */,
				D3CC37971D6AFB0F0019DDC0 /* CollectionViewDataSourceProxy.swift in Sources */,
				D3CC37A11D6B00560019DDC0 /* UITableView+RAC.m in Sources */,
				D3B8C93E1DA66CF00034EF60 /* AlertViewDelegateProxy.swift in Sources */,
				D3CC37921D6AFB0A0019DDC0 /* DataSourceType.swift in Sources */,
				D3CC37951D6AFB0D0019DDC0 /* RACExtensions.swift in Sources */,
				D3CC37911D6AFB0A0019DDC0 /* CollectionDataSourceProxy.swift in Sources */,
				D3CC379D1D6AFB300019DDC0 /* TableViewDataSourceProxy.swift in Sources */,
				D3B8C9411DA7AA230034EF60 /* UIAlertView+RAC.swift in Sources */,
				D3CC379E1D6AFB300019DDC0 /* TableViewDataSource.swift in Sources */,
			);
			runOnlyForDeploymentPostprocessing = 0;
		};
		D3CC37A61D6B28570019DDC0 /* Sources */ = {
			isa = PBXSourcesBuildPhase;
			buildActionMask = 2147483647;
			files = (
				D3CC37D11D6D995C0019DDC0 /* TestHelpers.swift in Sources */,
				D3CC37E31D7431B70019DDC0 /* ReactiveButtonTests.swift in Sources */,
				D3CC37EE1D76C2400019DDC0 /* ReactiveTextFieldTests.swift in Sources */,
				D3B8C9431DA7AD200034EF60 /* ReactiveAlertViewTests.swift in Sources */,
				D3CC37E41D74611F0019DDC0 /* ReactiveCollectionTests.swift in Sources */,
			);
			runOnlyForDeploymentPostprocessing = 0;
		};
/* End PBXSourcesBuildPhase section */

/* Begin PBXTargetDependency section */
		D3CC37B11D6B28570019DDC0 /* PBXTargetDependency */ = {
			isa = PBXTargetDependency;
			target = D3CC37851D6AFA6C0019DDC0 /* ReactiveUIBindings */;
			targetProxy = D3CC37B01D6B28570019DDC0 /* PBXContainerItemProxy */;
		};
/* End PBXTargetDependency section */

/* Begin XCBuildConfiguration section */
		D32E1CEA1D58912E00BA98BD /* Debug */ = {
			isa = XCBuildConfiguration;
			buildSettings = {
				ALWAYS_SEARCH_USER_PATHS = NO;
				CLANG_ANALYZER_NONNULL = YES;
				CLANG_CXX_LANGUAGE_STANDARD = "gnu++0x";
				CLANG_CXX_LIBRARY = "libc++";
				CLANG_ENABLE_MODULES = YES;
				CLANG_ENABLE_OBJC_ARC = YES;
				CLANG_WARN_BOOL_CONVERSION = YES;
				CLANG_WARN_CONSTANT_CONVERSION = YES;
				CLANG_WARN_DIRECT_OBJC_ISA_USAGE = YES_ERROR;
				CLANG_WARN_EMPTY_BODY = YES;
				CLANG_WARN_ENUM_CONVERSION = YES;
				CLANG_WARN_INFINITE_RECURSION = YES;
				CLANG_WARN_INT_CONVERSION = YES;
				CLANG_WARN_OBJC_ROOT_CLASS = YES_ERROR;
				CLANG_WARN_SUSPICIOUS_MOVE = YES;
				CLANG_WARN_UNREACHABLE_CODE = YES;
				CLANG_WARN__DUPLICATE_METHOD_MATCH = YES;
				"CODE_SIGN_IDENTITY[sdk=iphoneos*]" = "iPhone Developer";
				COPY_PHASE_STRIP = NO;
				DEBUG_INFORMATION_FORMAT = dwarf;
				ENABLE_STRICT_OBJC_MSGSEND = YES;
				ENABLE_TESTABILITY = YES;
				GCC_C_LANGUAGE_STANDARD = gnu99;
				GCC_DYNAMIC_NO_PIC = NO;
				GCC_NO_COMMON_BLOCKS = YES;
				GCC_OPTIMIZATION_LEVEL = 0;
				GCC_PREPROCESSOR_DEFINITIONS = (
					"DEBUG=1",
					"$(inherited)",
				);
				GCC_WARN_64_TO_32_BIT_CONVERSION = YES;
				GCC_WARN_ABOUT_RETURN_TYPE = YES_ERROR;
				GCC_WARN_UNDECLARED_SELECTOR = YES;
				GCC_WARN_UNINITIALIZED_AUTOS = YES_AGGRESSIVE;
				GCC_WARN_UNUSED_FUNCTION = YES;
				GCC_WARN_UNUSED_VARIABLE = YES;
				IPHONEOS_DEPLOYMENT_TARGET = 9.0;
				MTL_ENABLE_DEBUG_INFO = YES;
				ONLY_ACTIVE_ARCH = YES;
				SDKROOT = iphoneos;
				SWIFT_OPTIMIZATION_LEVEL = "-Onone";
				TARGETED_DEVICE_FAMILY = "1,2";
			};
			name = Debug;
		};
		D32E1CEB1D58912E00BA98BD /* Release */ = {
			isa = XCBuildConfiguration;
			buildSettings = {
				ALWAYS_SEARCH_USER_PATHS = NO;
				CLANG_ANALYZER_NONNULL = YES;
				CLANG_CXX_LANGUAGE_STANDARD = "gnu++0x";
				CLANG_CXX_LIBRARY = "libc++";
				CLANG_ENABLE_MODULES = YES;
				CLANG_ENABLE_OBJC_ARC = YES;
				CLANG_WARN_BOOL_CONVERSION = YES;
				CLANG_WARN_CONSTANT_CONVERSION = YES;
				CLANG_WARN_DIRECT_OBJC_ISA_USAGE = YES_ERROR;
				CLANG_WARN_EMPTY_BODY = YES;
				CLANG_WARN_ENUM_CONVERSION = YES;
				CLANG_WARN_INFINITE_RECURSION = YES;
				CLANG_WARN_INT_CONVERSION = YES;
				CLANG_WARN_OBJC_ROOT_CLASS = YES_ERROR;
				CLANG_WARN_SUSPICIOUS_MOVE = YES;
				CLANG_WARN_UNREACHABLE_CODE = YES;
				CLANG_WARN__DUPLICATE_METHOD_MATCH = YES;
				"CODE_SIGN_IDENTITY[sdk=iphoneos*]" = "iPhone Developer";
				COPY_PHASE_STRIP = NO;
				DEBUG_INFORMATION_FORMAT = "dwarf-with-dsym";
				ENABLE_NS_ASSERTIONS = NO;
				ENABLE_STRICT_OBJC_MSGSEND = YES;
				GCC_C_LANGUAGE_STANDARD = gnu99;
				GCC_NO_COMMON_BLOCKS = YES;
				GCC_WARN_64_TO_32_BIT_CONVERSION = YES;
				GCC_WARN_ABOUT_RETURN_TYPE = YES_ERROR;
				GCC_WARN_UNDECLARED_SELECTOR = YES;
				GCC_WARN_UNINITIALIZED_AUTOS = YES_AGGRESSIVE;
				GCC_WARN_UNUSED_FUNCTION = YES;
				GCC_WARN_UNUSED_VARIABLE = YES;
				IPHONEOS_DEPLOYMENT_TARGET = 9.0;
				MTL_ENABLE_DEBUG_INFO = NO;
				SDKROOT = iphoneos;
				SWIFT_OPTIMIZATION_LEVEL = "-Owholemodule";
				TARGETED_DEVICE_FAMILY = "1,2";
				VALIDATE_PRODUCT = YES;
			};
			name = Release;
		};
		D3CC378B1D6AFA6C0019DDC0 /* Debug */ = {
			isa = XCBuildConfiguration;
			buildSettings = {
				ALWAYS_EMBED_SWIFT_STANDARD_LIBRARIES = YES;
				"CODE_SIGN_IDENTITY[sdk=iphoneos*]" = "";
				CURRENT_PROJECT_VERSION = 1;
				DEFINES_MODULE = YES;
				DEVELOPMENT_TEAM = "";
				DYLIB_COMPATIBILITY_VERSION = 1;
				DYLIB_CURRENT_VERSION = 1;
				DYLIB_INSTALL_NAME_BASE = "@rpath";
				FRAMEWORK_SEARCH_PATHS = (
					"$(inherited)",
					"$(PROJECT_DIR)/Carthage/Build/iOS",
				);
				INFOPLIST_FILE = "$(SRCROOT)/Info.plist";
				INSTALL_PATH = "$(LOCAL_LIBRARY_DIR)/Frameworks";
				IPHONEOS_DEPLOYMENT_TARGET = 8.0;
				LD_RUNPATH_SEARCH_PATHS = "$(inherited) @executable_path/Frameworks @loader_path/Frameworks";
				PRODUCT_BUNDLE_IDENTIFIER = com.codewise.ReactiveUIBindings;
				PRODUCT_NAME = "$(TARGET_NAME)";
				SKIP_INSTALL = YES;
				SWIFT_VERSION = 3.0;
				VERSIONING_SYSTEM = "apple-generic";
				VERSION_INFO_PREFIX = "";
			};
			name = Debug;
		};
		D3CC378C1D6AFA6C0019DDC0 /* Release */ = {
			isa = XCBuildConfiguration;
			buildSettings = {
				ALWAYS_EMBED_SWIFT_STANDARD_LIBRARIES = YES;
				"CODE_SIGN_IDENTITY[sdk=iphoneos*]" = "";
				CURRENT_PROJECT_VERSION = 1;
				DEFINES_MODULE = YES;
				DEVELOPMENT_TEAM = "";
				DYLIB_COMPATIBILITY_VERSION = 1;
				DYLIB_CURRENT_VERSION = 1;
				DYLIB_INSTALL_NAME_BASE = "@rpath";
				FRAMEWORK_SEARCH_PATHS = (
					"$(inherited)",
					"$(PROJECT_DIR)/Carthage/Build/iOS",
				);
				INFOPLIST_FILE = "$(SRCROOT)/Info.plist";
				INSTALL_PATH = "$(LOCAL_LIBRARY_DIR)/Frameworks";
				IPHONEOS_DEPLOYMENT_TARGET = 8.0;
				LD_RUNPATH_SEARCH_PATHS = "$(inherited) @executable_path/Frameworks @loader_path/Frameworks";
				PRODUCT_BUNDLE_IDENTIFIER = com.codewise.ReactiveUIBindings;
				PRODUCT_NAME = "$(TARGET_NAME)";
				SKIP_INSTALL = YES;
				SWIFT_VERSION = 3.0;
				VERSIONING_SYSTEM = "apple-generic";
				VERSION_INFO_PREFIX = "";
			};
			name = Release;
		};
		D3CC37B31D6B28570019DDC0 /* Debug */ = {
			isa = XCBuildConfiguration;
			buildSettings = {
				ALWAYS_EMBED_SWIFT_STANDARD_LIBRARIES = YES;
				"CODE_SIGN_IDENTITY[sdk=iphoneos*]" = "iPhone Developer";
				DEVELOPMENT_TEAM = "";
				FRAMEWORK_SEARCH_PATHS = (
					"$(inherited)",
					"$(PROJECT_DIR)/Carthage/Build/iOS",
				);
				INFOPLIST_FILE = ReactiveUIBindingsTests/Info.plist;
				LD_RUNPATH_SEARCH_PATHS = "$(inherited) @executable_path/Frameworks @loader_path/Frameworks";
				PRODUCT_BUNDLE_IDENTIFIER = com.codewise.ReactiveUIBindingsTests;
				PRODUCT_NAME = "$(TARGET_NAME)";
				SWIFT_VERSION = 3.0;
			};
			name = Debug;
		};
		D3CC37B41D6B28570019DDC0 /* Release */ = {
			isa = XCBuildConfiguration;
			buildSettings = {
				ALWAYS_EMBED_SWIFT_STANDARD_LIBRARIES = YES;
				"CODE_SIGN_IDENTITY[sdk=iphoneos*]" = "iPhone Developer";
				DEVELOPMENT_TEAM = "";
				FRAMEWORK_SEARCH_PATHS = (
					"$(inherited)",
					"$(PROJECT_DIR)/Carthage/Build/iOS",
				);
				INFOPLIST_FILE = ReactiveUIBindingsTests/Info.plist;
				LD_RUNPATH_SEARCH_PATHS = "$(inherited) @executable_path/Frameworks @loader_path/Frameworks";
				PRODUCT_BUNDLE_IDENTIFIER = com.codewise.ReactiveUIBindingsTests;
				PRODUCT_NAME = "$(TARGET_NAME)";
				SWIFT_VERSION = 3.0;
			};
			name = Release;
		};
/* End XCBuildConfiguration section */

/* Begin XCConfigurationList section */
		D32E1CD51D58912E00BA98BD /* Build configuration list for PBXProject "ReactiveCollection" */ = {
			isa = XCConfigurationList;
			buildConfigurations = (
				D32E1CEA1D58912E00BA98BD /* Debug */,
				D32E1CEB1D58912E00BA98BD /* Release */,
			);
			defaultConfigurationIsVisible = 0;
			defaultConfigurationName = Release;
		};
		D3CC378D1D6AFA6C0019DDC0 /* Build configuration list for PBXNativeTarget "ReactiveUIBindings" */ = {
			isa = XCConfigurationList;
			buildConfigurations = (
				D3CC378B1D6AFA6C0019DDC0 /* Debug */,
				D3CC378C1D6AFA6C0019DDC0 /* Release */,
			);
			defaultConfigurationIsVisible = 0;
			defaultConfigurationName = Release;
		};
		D3CC37B21D6B28570019DDC0 /* Build configuration list for PBXNativeTarget "ReactiveUIBindingsTests" */ = {
			isa = XCConfigurationList;
			buildConfigurations = (
				D3CC37B31D6B28570019DDC0 /* Debug */,
				D3CC37B41D6B28570019DDC0 /* Release */,
			);
			defaultConfigurationIsVisible = 0;
			defaultConfigurationName = Release;
		};
/* End XCConfigurationList section */
	};
	rootObject = D32E1CD21D58912E00BA98BD /* Project object */;
}
